
Microsoft Visual Studio Solution File, Format Version 12.00
Project("{FAE04EC0-301F-11D3-BF4B-00C04F79EFBC}") = "Project_AMA", "Project_AMA\Project_AMA.csproj", "{500F247D-2B54-4DA8-A5D9-EC85A44719C5}"
EndProject
Global
	GlobalSection(SolutionConfigurationPlatforms) = preSolution
		Debug|Any CPU = Debug|Any CPU
		Release|Any CPU = Release|Any CPU
	EndGlobalSection
	GlobalSection(ProjectConfigurationPlatforms) = postSolution
		{500F247D-2B54-4DA8-A5D9-EC85A44719C5}.Debug|Any CPU.ActiveCfg = Debug|Any CPU
		{500F247D-2B54-4DA8-A5D9-EC85A44719C5}.Debug|Any CPU.Build.0 = Debug|Any CPU
		{500F247D-2B54-4DA8-A5D9-EC85A44719C5}.Release|Any CPU.ActiveCfg = Release|Any CPU
		{500F247D-2B54-4DA8-A5D9-EC85A44719C5}.Release|Any CPU.Build.0 = Release|Any CPU
	EndGlobalSection
EndGlobal
